// !$*UTF8*$!
{
	archiveVersion = 1;
	classes = {
	};
	objectVersion = 50;
	objects = {

/* Begin PBXBuildFile section */
		07C1A6DD258A5F3B00C0578E /* BitrateViewerApp.swift in Sources */ = {isa = PBXBuildFile; fileRef = 07C1A6DC258A5F3B00C0578E /* BitrateViewerApp.swift */; };
		07C1A6DF258A5F3B00C0578E /* ContentView.swift in Sources */ = {isa = PBXBuildFile; fileRef = 07C1A6DE258A5F3B00C0578E /* ContentView.swift */; };
		07C1A6E1258A5F3C00C0578E /* Assets.xcassets in Resources */ = {isa = PBXBuildFile; fileRef = 07C1A6E0258A5F3C00C0578E /* Assets.xcassets */; };
		07C1A6E4258A5F3C00C0578E /* Preview Assets.xcassets in Resources */ = {isa = PBXBuildFile; fileRef = 07C1A6E3258A5F3C00C0578E /* Preview Assets.xcassets */; };
		07C1A6F0258A5F3C00C0578E /* BitrateViewerTests.swift in Sources */ = {isa = PBXBuildFile; fileRef = 07C1A6EF258A5F3C00C0578E /* BitrateViewerTests.swift */; };
		07C1A6FB258A5F3C00C0578E /* BitrateViewerUITests.swift in Sources */ = {isa = PBXBuildFile; fileRef = 07C1A6FA258A5F3C00C0578E /* BitrateViewerUITests.swift */; };
/* End PBXBuildFile section */

/* Begin PBXContainerItemProxy section */
		07C1A6EC258A5F3C00C0578E /* PBXContainerItemProxy */ = {
			isa = PBXContainerItemProxy;
			containerPortal = 07C1A6D1258A5F3B00C0578E /* Project object */;
			proxyType = 1;
			remoteGlobalIDString = 07C1A6D8258A5F3B00C0578E;
			remoteInfo = BitrateViewer;
		};
		07C1A6F7258A5F3C00C0578E /* PBXContainerItemProxy */ = {
			isa = PBXContainerItemProxy;
			containerPortal = 07C1A6D1258A5F3B00C0578E /* Project object */;
			proxyType = 1;
			remoteGlobalIDString = 07C1A6D8258A5F3B00C0578E;
			remoteInfo = BitrateViewer;
		};
/* End PBXContainerItemProxy section */

/* Begin PBXFileReference section */
		07C1A6D9258A5F3B00C0578E /* BitrateViewer.app */ = {isa = PBXFileReference; explicitFileType = wrapper.application; includeInIndex = 0; path = BitrateViewer.app; sourceTree = BUILT_PRODUCTS_DIR; };
		07C1A6DC258A5F3B00C0578E /* BitrateViewerApp.swift */ = {isa = PBXFileReference; lastKnownFileType = sourcecode.swift; path = BitrateViewerApp.swift; sourceTree = "<group>"; };
		07C1A6DE258A5F3B00C0578E /* ContentView.swift */ = {isa = PBXFileReference; lastKnownFileType = sourcecode.swift; path = ContentView.swift; sourceTree = "<group>"; };
		07C1A6E0258A5F3C00C0578E /* Assets.xcassets */ = {isa = PBXFileReference; lastKnownFileType = folder.assetcatalog; path = Assets.xcassets; sourceTree = "<group>"; };
		07C1A6E3258A5F3C00C0578E /* Preview Assets.xcassets */ = {isa = PBXFileReference; lastKnownFileType = folder.assetcatalog; path = "Preview Assets.xcassets"; sourceTree = "<group>"; };
		07C1A6E5258A5F3C00C0578E /* Info.plist */ = {isa = PBXFileReference; lastKnownFileType = text.plist.xml; path = Info.plist; sourceTree = "<group>"; };
		07C1A6E6258A5F3C00C0578E /* BitrateViewer.entitlements */ = {isa = PBXFileReference; lastKnownFileType = text.plist.entitlements; path = BitrateViewer.entitlements; sourceTree = "<group>"; };
		07C1A6EB258A5F3C00C0578E /* BitrateViewerTests.xctest */ = {isa = PBXFileReference; explicitFileType = wrapper.cfbundle; includeInIndex = 0; path = BitrateViewerTests.xctest; sourceTree = BUILT_PRODUCTS_DIR; };
		07C1A6EF258A5F3C00C0578E /* BitrateViewerTests.swift */ = {isa = PBXFileReference; lastKnownFileType = sourcecode.swift; path = BitrateViewerTests.swift; sourceTree = "<group>"; };
		07C1A6F1258A5F3C00C0578E /* Info.plist */ = {isa = PBXFileReference; lastKnownFileType = text.plist.xml; path = Info.plist; sourceTree = "<group>"; };
		07C1A6F6258A5F3C00C0578E /* BitrateViewerUITests.xctest */ = {isa = PBXFileReference; explicitFileType = wrapper.cfbundle; includeInIndex = 0; path = BitrateViewerUITests.xctest; sourceTree = BUILT_PRODUCTS_DIR; };
		07C1A6FA258A5F3C00C0578E /* BitrateViewerUITests.swift */ = {isa = PBXFileReference; lastKnownFileType = sourcecode.swift; path = BitrateViewerUITests.swift; sourceTree = "<group>"; };
		07C1A6FC258A5F3C00C0578E /* Info.plist */ = {isa = PBXFileReference; lastKnownFileType = text.plist.xml; path = Info.plist; sourceTree = "<group>"; };
/* End PBXFileReference section */

/* Begin PBXFrameworksBuildPhase section */
		07C1A6D6258A5F3B00C0578E /* Frameworks */ = {
			isa = PBXFrameworksBuildPhase;
			buildActionMask = 2147483647;
			files = (
			);
			runOnlyForDeploymentPostprocessing = 0;
		};
		07C1A6E8258A5F3C00C0578E /* Frameworks */ = {
			isa = PBXFrameworksBuildPhase;
			buildActionMask = 2147483647;
			files = (
			);
			runOnlyForDeploymentPostprocessing = 0;
		};
		07C1A6F3258A5F3C00C0578E /* Frameworks */ = {
			isa = PBXFrameworksBuildPhase;
			buildActionMask = 2147483647;
			files = (
			);
			runOnlyForDeploymentPostprocessing = 0;
		};
/* End PBXFrameworksBuildPhase section */

/* Begin PBXGroup section */
		07C1A6D0258A5F3B00C0578E = {
			isa = PBXGroup;
			children = (
				07C1A6DB258A5F3B00C0578E /* BitrateViewer */,
				07C1A6EE258A5F3C00C0578E /* BitrateViewerTests */,
				07C1A6F9258A5F3C00C0578E /* BitrateViewerUITests */,
				07C1A6DA258A5F3B00C0578E /* Products */,
			);
			sourceTree = "<group>";
		};
		07C1A6DA258A5F3B00C0578E /* Products */ = {
			isa = PBXGroup;
			children = (
				07C1A6D9258A5F3B00C0578E /* BitrateViewer.app */,
				07C1A6EB258A5F3C00C0578E /* BitrateViewerTests.xctest */,
				07C1A6F6258A5F3C00C0578E /* BitrateViewerUITests.xctest */,
			);
			name = Products;
			sourceTree = "<group>";
		};
		07C1A6DB258A5F3B00C0578E /* BitrateViewer */ = {
			isa = PBXGroup;
			children = (
				07C1A6DC258A5F3B00C0578E /* BitrateViewerApp.swift */,
				07C1A6DE258A5F3B00C0578E /* ContentView.swift */,
				07C1A6E0258A5F3C00C0578E /* Assets.xcassets */,
				07C1A6E5258A5F3C00C0578E /* Info.plist */,
				07C1A6E6258A5F3C00C0578E /* BitrateViewer.entitlements */,
				07C1A6E2258A5F3C00C0578E /* Preview Content */,
			);
			path = BitrateViewer;
			sourceTree = "<group>";
		};
		07C1A6E2258A5F3C00C0578E /* Preview Content */ = {
			isa = PBXGroup;
			children = (
				07C1A6E3258A5F3C00C0578E /* Preview Assets.xcassets */,
			);
			path = "Preview Content";
			sourceTree = "<group>";
		};
		07C1A6EE258A5F3C00C0578E /* BitrateViewerTests */ = {
			isa = PBXGroup;
			children = (
				07C1A6EF258A5F3C00C0578E /* BitrateViewerTests.swift */,
				07C1A6F1258A5F3C00C0578E /* Info.plist */,
			);
			path = BitrateViewerTests;
			sourceTree = "<group>";
		};
		07C1A6F9258A5F3C00C0578E /* BitrateViewerUITests */ = {
			isa = PBXGroup;
			children = (
				07C1A6FA258A5F3C00C0578E /* BitrateViewerUITests.swift */,
				07C1A6FC258A5F3C00C0578E /* Info.plist */,
			);
			path = BitrateViewerUITests;
			sourceTree = "<group>";
		};
/* End PBXGroup section */

/* Begin PBXNativeTarget section */
		07C1A6D8258A5F3B00C0578E /* BitrateViewer */ = {
			isa = PBXNativeTarget;
			buildConfigurationList = 07C1A6FF258A5F3C00C0578E /* Build configuration list for PBXNativeTarget "BitrateViewer" */;
			buildPhases = (
				07C1A6D5258A5F3B00C0578E /* Sources */,
				07C1A6D6258A5F3B00C0578E /* Frameworks */,
				07C1A6D7258A5F3B00C0578E /* Resources */,
			);
			buildRules = (
			);
			dependencies = (
			);
			name = BitrateViewer;
			productName = BitrateViewer;
			productReference = 07C1A6D9258A5F3B00C0578E /* BitrateViewer.app */;
			productType = "com.apple.product-type.application";
		};
		07C1A6EA258A5F3C00C0578E /* BitrateViewerTests */ = {
			isa = PBXNativeTarget;
			buildConfigurationList = 07C1A702258A5F3C00C0578E /* Build configuration list for PBXNativeTarget "BitrateViewerTests" */;
			buildPhases = (
				07C1A6E7258A5F3C00C0578E /* Sources */,
				07C1A6E8258A5F3C00C0578E /* Frameworks */,
				07C1A6E9258A5F3C00C0578E /* Resources */,
			);
			buildRules = (
			);
			dependencies = (
				07C1A6ED258A5F3C00C0578E /* PBXTargetDependency */,
			);
			name = BitrateViewerTests;
			productName = BitrateViewerTests;
			productReference = 07C1A6EB258A5F3C00C0578E /* BitrateViewerTests.xctest */;
			productType = "com.apple.product-type.bundle.unit-test";
		};
		07C1A6F5258A5F3C00C0578E /* BitrateViewerUITests */ = {
			isa = PBXNativeTarget;
			buildConfigurationList = 07C1A705258A5F3C00C0578E /* Build configuration list for PBXNativeTarget "BitrateViewerUITests" */;
			buildPhases = (
				07C1A6F2258A5F3C00C0578E /* Sources */,
				07C1A6F3258A5F3C00C0578E /* Frameworks */,
				07C1A6F4258A5F3C00C0578E /* Resources */,
			);
			buildRules = (
			);
			dependencies = (
				07C1A6F8258A5F3C00C0578E /* PBXTargetDependency */,
			);
			name = BitrateViewerUITests;
			productName = BitrateViewerUITests;
			productReference = 07C1A6F6258A5F3C00C0578E /* BitrateViewerUITests.xctest */;
			productType = "com.apple.product-type.bundle.ui-testing";
		};
/* End PBXNativeTarget section */

/* Begin PBXProject section */
		07C1A6D1258A5F3B00C0578E /* Project object */ = {
			isa = PBXProject;
			attributes = {
				LastSwiftUpdateCheck = 1230;
				LastUpgradeCheck = 1230;
				TargetAttributes = {
					07C1A6D8258A5F3B00C0578E = {
						CreatedOnToolsVersion = 12.3;
					};
					07C1A6EA258A5F3C00C0578E = {
						CreatedOnToolsVersion = 12.3;
						TestTargetID = 07C1A6D8258A5F3B00C0578E;
					};
					07C1A6F5258A5F3C00C0578E = {
						CreatedOnToolsVersion = 12.3;
						TestTargetID = 07C1A6D8258A5F3B00C0578E;
					};
				};
			};
			buildConfigurationList = 07C1A6D4258A5F3B00C0578E /* Build configuration list for PBXProject "BitrateViewer" */;
			compatibilityVersion = "Xcode 9.3";
			developmentRegion = en;
			hasScannedForEncodings = 0;
			knownRegions = (
				en,
				Base,
			);
			mainGroup = 07C1A6D0258A5F3B00C0578E;
			productRefGroup = 07C1A6DA258A5F3B00C0578E /* Products */;
			projectDirPath = "";
			projectRoot = "";
			targets = (
				07C1A6D8258A5F3B00C0578E /* BitrateViewer */,
				07C1A6EA258A5F3C00C0578E /* BitrateViewerTests */,
				07C1A6F5258A5F3C00C0578E /* BitrateViewerUITests */,
			);
		};
/* End PBXProject section */

/* Begin PBXResourcesBuildPhase section */
		07C1A6D7258A5F3B00C0578E /* Resources */ = {
			isa = PBXResourcesBuildPhase;
			buildActionMask = 2147483647;
			files = (
				07C1A6E4258A5F3C00C0578E /* Preview Assets.xcassets in Resources */,
				07C1A6E1258A5F3C00C0578E /* Assets.xcassets in Resources */,
			);
			runOnlyForDeploymentPostprocessing = 0;
		};
		07C1A6E9258A5F3C00C0578E /* Resources */ = {
			isa = PBXResourcesBuildPhase;
			buildActionMask = 2147483647;
			files = (
			);
			runOnlyForDeploymentPostprocessing = 0;
		};
		07C1A6F4258A5F3C00C0578E /* Resources */ = {
			isa = PBXResourcesBuildPhase;
			buildActionMask = 2147483647;
			files = (
			);
			runOnlyForDeploymentPostprocessing = 0;
		};
/* End PBXResourcesBuildPhase section */

/* Begin PBXSourcesBuildPhase section */
		07C1A6D5258A5F3B00C0578E /* Sources */ = {
			isa = PBXSourcesBuildPhase;
			buildActionMask = 2147483647;
			files = (
				07C1A6DF258A5F3B00C0578E /* ContentView.swift in Sources */,
				07C1A6DD258A5F3B00C0578E /* BitrateViewerApp.swift in Sources */,
			);
			runOnlyForDeploymentPostprocessing = 0;
		};
		07C1A6E7258A5F3C00C0578E /* Sources */ = {
			isa = PBXSourcesBuildPhase;
			buildActionMask = 2147483647;
			files = (
				07C1A6F0258A5F3C00C0578E /* BitrateViewerTests.swift in Sources */,
			);
			runOnlyForDeploymentPostprocessing = 0;
		};
		07C1A6F2258A5F3C00C0578E /* Sources */ = {
			isa = PBXSourcesBuildPhase;
			buildActionMask = 2147483647;
			files = (
				07C1A6FB258A5F3C00C0578E /* BitrateViewerUITests.swift in Sources */,
			);
			runOnlyForDeploymentPostprocessing = 0;
		};
/* End PBXSourcesBuildPhase section */

/* Begin PBXTargetDependency section */
		07C1A6ED258A5F3C00C0578E /* PBXTargetDependency */ = {
			isa = PBXTargetDependency;
			target = 07C1A6D8258A5F3B00C0578E /* BitrateViewer */;
			targetProxy = 07C1A6EC258A5F3C00C0578E /* PBXContainerItemProxy */;
		};
		07C1A6F8258A5F3C00C0578E /* PBXTargetDependency */ = {
			isa = PBXTargetDependency;
			target = 07C1A6D8258A5F3B00C0578E /* BitrateViewer */;
			targetProxy = 07C1A6F7258A5F3C00C0578E /* PBXContainerItemProxy */;
		};
/* End PBXTargetDependency section */

/* Begin XCBuildConfiguration section */
		07C1A6FD258A5F3C00C0578E /* Debug */ = {
			isa = XCBuildConfiguration;
			buildSettings = {
				ALWAYS_SEARCH_USER_PATHS = NO;
				CLANG_ANALYZER_NONNULL = YES;
				CLANG_ANALYZER_NUMBER_OBJECT_CONVERSION = YES_AGGRESSIVE;
				CLANG_CXX_LANGUAGE_STANDARD = "gnu++14";
				CLANG_CXX_LIBRARY = "libc++";
				CLANG_ENABLE_MODULES = YES;
				CLANG_ENABLE_OBJC_ARC = YES;
				CLANG_ENABLE_OBJC_WEAK = YES;
				CLANG_WARN_BLOCK_CAPTURE_AUTORELEASING = YES;
				CLANG_WARN_BOOL_CONVERSION = YES;
				CLANG_WARN_COMMA = YES;
				CLANG_WARN_CONSTANT_CONVERSION = YES;
				CLANG_WARN_DEPRECATED_OBJC_IMPLEMENTATIONS = YES;
				CLANG_WARN_DIRECT_OBJC_ISA_USAGE = YES_ERROR;
				CLANG_WARN_DOCUMENTATION_COMMENTS = YES;
				CLANG_WARN_EMPTY_BODY = YES;
				CLANG_WARN_ENUM_CONVERSION = YES;
				CLANG_WARN_INFINITE_RECURSION = YES;
				CLANG_WARN_INT_CONVERSION = YES;
				CLANG_WARN_NON_LITERAL_NULL_CONVERSION = YES;
				CLANG_WARN_OBJC_IMPLICIT_RETAIN_SELF = YES;
				CLANG_WARN_OBJC_LITERAL_CONVERSION = YES;
				CLANG_WARN_OBJC_ROOT_CLASS = YES_ERROR;
				CLANG_WARN_QUOTED_INCLUDE_IN_FRAMEWORK_HEADER = YES;
				CLANG_WARN_RANGE_LOOP_ANALYSIS = YES;
				CLANG_WARN_STRICT_PROTOTYPES = YES;
				CLANG_WARN_SUSPICIOUS_MOVE = YES;
				CLANG_WARN_UNGUARDED_AVAILABILITY = YES_AGGRESSIVE;
				CLANG_WARN_UNREACHABLE_CODE = YES;
				CLANG_WARN__DUPLICATE_METHOD_MATCH = YES;
				COPY_PHASE_STRIP = NO;
				DEBUG_INFORMATION_FORMAT = dwarf;
				ENABLE_STRICT_OBJC_MSGSEND = YES;
				ENABLE_TESTABILITY = YES;
				GCC_C_LANGUAGE_STANDARD = gnu11;
				GCC_DYNAMIC_NO_PIC = NO;
				GCC_NO_COMMON_BLOCKS = YES;
				GCC_OPTIMIZATION_LEVEL = 0;
				GCC_PREPROCESSOR_DEFINITIONS = (
					"DEBUG=1",
					"$(inherited)",
				);
				GCC_WARN_64_TO_32_BIT_CONVERSION = YES;
				GCC_WARN_ABOUT_RETURN_TYPE = YES_ERROR;
				GCC_WARN_UNDECLARED_SELECTOR = YES;
				GCC_WARN_UNINITIALIZED_AUTOS = YES_AGGRESSIVE;
				GCC_WARN_UNUSED_FUNCTION = YES;
				GCC_WARN_UNUSED_VARIABLE = YES;
				MACOSX_DEPLOYMENT_TARGET = 11.1;
				MTL_ENABLE_DEBUG_INFO = INCLUDE_SOURCE;
				MTL_FAST_MATH = YES;
				ONLY_ACTIVE_ARCH = YES;
				SDKROOT = macosx;
				SWIFT_ACTIVE_COMPILATION_CONDITIONS = DEBUG;
				SWIFT_OPTIMIZATION_LEVEL = "-Onone";
			};
			name = Debug;
		};
		07C1A6FE258A5F3C00C0578E /* Release */ = {
			isa = XCBuildConfiguration;
			buildSettings = {
				ALWAYS_SEARCH_USER_PATHS = NO;
				CLANG_ANALYZER_NONNULL = YES;
				CLANG_ANALYZER_NUMBER_OBJECT_CONVERSION = YES_AGGRESSIVE;
				CLANG_CXX_LANGUAGE_STANDARD = "gnu++14";
				CLANG_CXX_LIBRARY = "libc++";
				CLANG_ENABLE_MODULES = YES;
				CLANG_ENABLE_OBJC_ARC = YES;
				CLANG_ENABLE_OBJC_WEAK = YES;
				CLANG_WARN_BLOCK_CAPTURE_AUTORELEASING = YES;
				CLANG_WARN_BOOL_CONVERSION = YES;
				CLANG_WARN_COMMA = YES;
				CLANG_WARN_CONSTANT_CONVERSION = YES;
				CLANG_WARN_DEPRECATED_OBJC_IMPLEMENTATIONS = YES;
				CLANG_WARN_DIRECT_OBJC_ISA_USAGE = YES_ERROR;
				CLANG_WARN_DOCUMENTATION_COMMENTS = YES;
				CLANG_WARN_EMPTY_BODY = YES;
				CLANG_WARN_ENUM_CONVERSION = YES;
				CLANG_WARN_INFINITE_RECURSION = YES;
				CLANG_WARN_INT_CONVERSION = YES;
				CLANG_WARN_NON_LITERAL_NULL_CONVERSION = YES;
				CLANG_WARN_OBJC_IMPLICIT_RETAIN_SELF = YES;
				CLANG_WARN_OBJC_LITERAL_CONVERSION = YES;
				CLANG_WARN_OBJC_ROOT_CLASS = YES_ERROR;
				CLANG_WARN_QUOTED_INCLUDE_IN_FRAMEWORK_HEADER = YES;
				CLANG_WARN_RANGE_LOOP_ANALYSIS = YES;
				CLANG_WARN_STRICT_PROTOTYPES = YES;
				CLANG_WARN_SUSPICIOUS_MOVE = YES;
				CLANG_WARN_UNGUARDED_AVAILABILITY = YES_AGGRESSIVE;
				CLANG_WARN_UNREACHABLE_CODE = YES;
				CLANG_WARN__DUPLICATE_METHOD_MATCH = YES;
				COPY_PHASE_STRIP = NO;
				DEBUG_INFORMATION_FORMAT = "dwarf-with-dsym";
				ENABLE_NS_ASSERTIONS = NO;
				ENABLE_STRICT_OBJC_MSGSEND = YES;
				GCC_C_LANGUAGE_STANDARD = gnu11;
				GCC_NO_COMMON_BLOCKS = YES;
				GCC_WARN_64_TO_32_BIT_CONVERSION = YES;
				GCC_WARN_ABOUT_RETURN_TYPE = YES_ERROR;
				GCC_WARN_UNDECLARED_SELECTOR = YES;
				GCC_WARN_UNINITIALIZED_AUTOS = YES_AGGRESSIVE;
				GCC_WARN_UNUSED_FUNCTION = YES;
				GCC_WARN_UNUSED_VARIABLE = YES;
				MACOSX_DEPLOYMENT_TARGET = 11.1;
				MTL_ENABLE_DEBUG_INFO = NO;
				MTL_FAST_MATH = YES;
				SDKROOT = macosx;
				SWIFT_COMPILATION_MODE = wholemodule;
				SWIFT_OPTIMIZATION_LEVEL = "-O";
			};
			name = Release;
		};
		07C1A700258A5F3C00C0578E /* Debug */ = {
			isa = XCBuildConfiguration;
			buildSettings = {
				ASSETCATALOG_COMPILER_APPICON_NAME = AppIcon;
				ASSETCATALOG_COMPILER_GLOBAL_ACCENT_COLOR_NAME = AccentColor;
				CODE_SIGN_ENTITLEMENTS = BitrateViewer/BitrateViewer.entitlements;
				CODE_SIGN_STYLE = Automatic;
				COMBINE_HIDPI_IMAGES = YES;
				DEVELOPMENT_ASSET_PATHS = "\"BitrateViewer/Preview Content\"";
				DEVELOPMENT_TEAM = 975KA7D567;
				ENABLE_HARDENED_RUNTIME = YES;
				ENABLE_PREVIEWS = YES;
				INFOPLIST_FILE = BitrateViewer/Info.plist;
				LD_RUNPATH_SEARCH_PATHS = (
					"$(inherited)",
					"@executable_path/../Frameworks",
				);
				MACOSX_DEPLOYMENT_TARGET = 11.0;
				PRODUCT_BUNDLE_IDENTIFIER = com.nuomi1.BitrateViewer;
				PRODUCT_NAME = "$(TARGET_NAME)";
				SWIFT_VERSION = 5.0;
			};
			name = Debug;
		};
		07C1A701258A5F3C00C0578E /* Release */ = {
			isa = XCBuildConfiguration;
			buildSettings = {
				ASSETCATALOG_COMPILER_APPICON_NAME = AppIcon;
				ASSETCATALOG_COMPILER_GLOBAL_ACCENT_COLOR_NAME = AccentColor;
				CODE_SIGN_ENTITLEMENTS = BitrateViewer/BitrateViewer.entitlements;
				CODE_SIGN_STYLE = Automatic;
				COMBINE_HIDPI_IMAGES = YES;
				DEVELOPMENT_ASSET_PATHS = "\"BitrateViewer/Preview Content\"";
				DEVELOPMENT_TEAM = 975KA7D567;
				ENABLE_HARDENED_RUNTIME = YES;
				ENABLE_PREVIEWS = YES;
				INFOPLIST_FILE = BitrateViewer/Info.plist;
				LD_RUNPATH_SEARCH_PATHS = (
					"$(inherited)",
					"@executable_path/../Frameworks",
				);
				MACOSX_DEPLOYMENT_TARGET = 11.0;
				PRODUCT_BUNDLE_IDENTIFIER = com.nuomi1.BitrateViewer;
				PRODUCT_NAME = "$(TARGET_NAME)";
				SWIFT_VERSION = 5.0;
			};
			name = Release;
		};
		07C1A703258A5F3C00C0578E /* Debug */ = {
			isa = XCBuildConfiguration;
			buildSettings = {
				ALWAYS_EMBED_SWIFT_STANDARD_LIBRARIES = YES;
				BUNDLE_LOADER = "$(TEST_HOST)";
				CODE_SIGN_STYLE = Automatic;
				COMBINE_HIDPI_IMAGES = YES;
				DEVELOPMENT_TEAM = 975KA7D567;
				INFOPLIST_FILE = BitrateViewerTests/Info.plist;
				LD_RUNPATH_SEARCH_PATHS = (
					"$(inherited)",
					"@executable_path/../Frameworks",
					"@loader_path/../Frameworks",
				);
				MACOSX_DEPLOYMENT_TARGET = 11.0;
				PRODUCT_BUNDLE_IDENTIFIER = com.nuomi1.BitrateViewerTests;
				PRODUCT_NAME = "$(TARGET_NAME)";
				SWIFT_VERSION = 5.0;
				TEST_HOST = "$(BUILT_PRODUCTS_DIR)/BitrateViewer.app/Contents/MacOS/BitrateViewer";
			};
			name = Debug;
		};
		07C1A704258A5F3C00C0578E /* Release */ = {
			isa = XCBuildConfiguration;
			buildSettings = {
				ALWAYS_EMBED_SWIFT_STANDARD_LIBRARIES = YES;
				BUNDLE_LOADER = "$(TEST_HOST)";
				CODE_SIGN_STYLE = Automatic;
				COMBINE_HIDPI_IMAGES = YES;
				DEVELOPMENT_TEAM = 975KA7D567;
				INFOPLIST_FILE = BitrateViewerTests/Info.plist;
				LD_RUNPATH_SEARCH_PATHS = (
					"$(inherited)",
					"@executable_path/../Frameworks",
					"@loader_path/../Frameworks",
				);
				MACOSX_DEPLOYMENT_TARGET = 11.0;
				PRODUCT_BUNDLE_IDENTIFIER = com.nuomi1.BitrateViewerTests;
				PRODUCT_NAME = "$(TARGET_NAME)";
				SWIFT_VERSION = 5.0;
				TEST_HOST = "$(BUILT_PRODUCTS_DIR)/BitrateViewer.app/Contents/MacOS/BitrateViewer";
			};
			name = Release;
		};
		07C1A706258A5F3C00C0578E /* Debug */ = {
			isa = XCBuildConfiguration;
			buildSettings = {
				ALWAYS_EMBED_SWIFT_STANDARD_LIBRARIES = YES;
				CODE_SIGN_STYLE = Automatic;
				COMBINE_HIDPI_IMAGES = YES;
				DEVELOPMENT_TEAM = 975KA7D567;
				INFOPLIST_FILE = BitrateViewerUITests/Info.plist;
				LD_RUNPATH_SEARCH_PATHS = (
					"$(inherited)",
					"@executable_path/../Frameworks",
					"@loader_path/../Frameworks",
				);
				PRODUCT_BUNDLE_IDENTIFIER = com.nuomi1.BitrateViewerUITests;
				PRODUCT_NAME = "$(TARGET_NAME)";
				SWIFT_VERSION = 5.0;
				TEST_TARGET_NAME = BitrateViewer;
			};
			name = Debug;
		};
		07C1A707258A5F3C00C0578E /* Release */ = {
			isa = XCBuildConfiguration;
			buildSettings = {
				ALWAYS_EMBED_SWIFT_STANDARD_LIBRARIES = YES;
				CODE_SIGN_STYLE = Automatic;
				COMBINE_HIDPI_IMAGES = YES;
				DEVELOPMENT_TEAM = 975KA7D567;
				INFOPLIST_FILE = BitrateViewerUITests/Info.plist;
				LD_RUNPATH_SEARCH_PATHS = (
					"$(inherited)",
					"@executable_path/../Frameworks",
					"@loader_path/../Frameworks",
				);
				PRODUCT_BUNDLE_IDENTIFIER = com.nuomi1.BitrateViewerUITests;
				PRODUCT_NAME = "$(TARGET_NAME)";
				SWIFT_VERSION = 5.0;
				TEST_TARGET_NAME = BitrateViewer;
			};
			name = Release;
		};
/* End XCBuildConfiguration section */

/* Begin XCConfigurationList section */
		07C1A6D4258A5F3B00C0578E /* Build configuration list for PBXProject "BitrateViewer" */ = {
			isa = XCConfigurationList;
			buildConfigurations = (
				07C1A6FD258A5F3C00C0578E /* Debug */,
				07C1A6FE258A5F3C00C0578E /* Release */,
			);
			defaultConfigurationIsVisible = 0;
			defaultConfigurationName = Release;
		};
		07C1A6FF258A5F3C00C0578E /* Build configuration list for PBXNativeTarget "BitrateViewer" */ = {
			isa = XCConfigurationList;
			buildConfigurations = (
				07C1A700258A5F3C00C0578E /* Debug */,
				07C1A701258A5F3C00C0578E /* Release */,
			);
			defaultConfigurationIsVisible = 0;
			defaultConfigurationName = Release;
		};
		07C1A702258A5F3C00C0578E /* Build configuration list for PBXNativeTarget "BitrateViewerTests" */ = {
			isa = XCConfigurationList;
			buildConfigurations = (
				07C1A703258A5F3C00C0578E /* Debug */,
				07C1A704258A5F3C00C0578E /* Release */,
			);
			defaultConfigurationIsVisible = 0;
			defaultConfigurationName = Release;
		};
		07C1A705258A5F3C00C0578E /* Build configuration list for PBXNativeTarget "BitrateViewerUITests" */ = {
			isa = XCConfigurationList;
			buildConfigurations = (
				07C1A706258A5F3C00C0578E /* Debug */,
				07C1A707258A5F3C00C0578E /* Release */,
			);
			defaultConfigurationIsVisible = 0;
			defaultConfigurationName = Release;
		};
/* End XCConfigurationList section */
	};
	rootObject = 07C1A6D1258A5F3B00C0578E /* Project object */;
}
